
Microsoft Visual Studio Solution File, Format Version 12.00
# Visual Studio Version 17
VisualStudioVersion = 17.9.34622.214
MinimumVisualStudioVersion = 10.0.40219.1
Project("{C9674DCB-5085-4A16-B785-4C70DD1589BD}") = "FTPtoPostgres2", "FTPtoPostgres2\FTPtoPostgres2.dtproj", "{2A4C1B32-695E-468A-819E-4C0D78FF5918}"
EndProject
Global
	GlobalSection(SolutionConfigurationPlatforms) = preSolution
		Development|Default = Development|Default
	EndGlobalSection
	GlobalSection(ProjectConfigurationPlatforms) = postSolution
		{2A4C1B32-695E-468A-819E-4C0D78FF5918}.Development|Default.ActiveCfg = Development
		{2A4C1B32-695E-468A-819E-4C0D78FF5918}.Development|Default.Build.0 = Development
	EndGlobalSection
	GlobalSection(SolutionProperties) = preSolution
		HideSolutionNode = FALSE
	EndGlobalSection
	GlobalSection(ExtensibilityGlobals) = postSolution
		SolutionGuid = {A4CDEB61-DCF8-46C0-BDB8-304446F115F2}
	EndGlobalSection
EndGlobal
